[[package]]
name = "app-common-python"
version = "0.1.4"
description = ""
category = "main"
optional = false
python-versions = "*"

[[package]]
name = "atomicwrites"
version = "1.4.0"
description = "Atomic file writes."
category = "dev"
optional = false
python-versions = ">=2.7, !=3.0.*, !=3.1.*, !=3.2.*, !=3.3.*"

[[package]]
name = "attrs"
version = "18.2.0"
description = "Classes Without Boilerplate"
category = "main"
optional = false
python-versions = "*"

[package.extras]
dev = ["coverage", "hypothesis", "pympler", "pytest", "six", "zope.interface", "sphinx", "zope.interface", "pre-commit"]
docs = ["sphinx", "zope.interface"]
tests = ["coverage", "hypothesis", "pympler", "pytest", "six", "zope.interface"]

[[package]]
name = "boto3"
version = "1.17.14"
description = "The AWS SDK for Python"
category = "main"
optional = false
python-versions = ">= 2.7, !=3.0.*, !=3.1.*, !=3.2.*, !=3.3.*, !=3.4.*, !=3.5.*"

[package.dependencies]
botocore = ">=1.20.14,<1.21.0"
jmespath = ">=0.7.1,<1.0.0"
s3transfer = ">=0.3.0,<0.4.0"

[[package]]
name = "botocore"
version = "1.20.14"
description = "Low-level, data-driven core of boto 3."
category = "main"
optional = false
python-versions = ">= 2.7, !=3.0.*, !=3.1.*, !=3.2.*, !=3.3.*, !=3.4.*, !=3.5.*"

[package.dependencies]
jmespath = ">=0.7.1,<1.0.0"
python-dateutil = ">=2.1,<3.0.0"
urllib3 = ">=1.25.4,<1.27"

[[package]]
name = "colorama"
version = "0.4.4"
description = "Cross-platform colored terminal text."
category = "dev"
optional = false
python-versions = ">=2.7, !=3.0.*, !=3.1.*, !=3.2.*, !=3.3.*, !=3.4.*"

[[package]]
name = "confluent-kafka"
version = "1.5.0"
description = "Confluent's Python client for Apache Kafka"
category = "main"
optional = false
python-versions = "*"

[package.extras]
avro = ["fastavro (>=0.23.0)", "requests", "avro (==1.10.0)", "avro-python3 (==1.10.0)"]
dev = ["pytest-timeout", "flake8", "fastavro (>=0.23.0)", "requests", "pytest (==4.6.4)", "avro (==1.10.0)", "avro-python3 (==1.10.0)", "pytest"]
doc = ["sphinx", "sphinx-rtd-theme", "fastavro (>=0.23.0)", "requests", "avro (==1.10.0)", "avro-python3 (==1.10.0)"]
json = ["jsonschema", "requests"]
protobuf = ["protobuf", "requests"]
schema-registry = ["requests"]

[[package]]
name = "flake8"
version = "3.8.4"
description = "the modular source code checker: pep8 pyflakes and co"
category = "dev"
optional = false
python-versions = "!=3.0.*,!=3.1.*,!=3.2.*,!=3.3.*,>=2.7"

[package.dependencies]
importlib-metadata = {version = "*", markers = "python_version < \"3.8\""}
mccabe = ">=0.6.0,<0.7.0"
pycodestyle = ">=2.6.0a1,<2.7.0"
pyflakes = ">=2.2.0,<2.3.0"

[[package]]
name = "importlib-metadata"
version = "3.4.0"
description = "Read metadata from Python packages"
category = "dev"
optional = false
python-versions = ">=3.6"

[package.dependencies]
typing-extensions = {version = ">=3.6.4", markers = "python_version < \"3.8\""}
zipp = ">=0.5"

[package.extras]
docs = ["sphinx", "jaraco.packaging (>=8.2)", "rst.linker (>=1.9)"]
testing = ["pytest (>=3.5,!=3.7.3)", "pytest-checkdocs (>=1.2.3)", "pytest-flake8", "pytest-cov", "pytest-enabler", "packaging", "pep517", "pyfakefs", "flufl.flake8", "pytest-black (>=0.3.7)", "pytest-mypy", "importlib-resources (>=1.3)"]

[[package]]
name = "jmespath"
version = "0.10.0"
description = "JSON Matching Expressions"
category = "main"
optional = false
python-versions = ">=2.6, !=3.0.*, !=3.1.*, !=3.2.*"

[[package]]
name = "mccabe"
version = "0.6.1"
description = "McCabe checker, plugin for flake8"
category = "dev"
optional = false
python-versions = "*"

[[package]]
name = "more-itertools"
version = "8.6.0"
description = "More routines for operating on iterables, beyond itertools"
category = "dev"
optional = false
python-versions = ">=3.5"

[[package]]
name = "packaging"
version = "20.8"
description = "Core utilities for Python packages"
category = "dev"
optional = false
python-versions = ">=2.7, !=3.0.*, !=3.1.*, !=3.2.*, !=3.3.*"

[package.dependencies]
pyparsing = ">=2.0.2"

[[package]]
name = "pluggy"
version = "0.13.1"
description = "plugin and hook calling mechanisms for python"
category = "dev"
optional = false
python-versions = ">=2.7, !=3.0.*, !=3.1.*, !=3.2.*, !=3.3.*"

[package.dependencies]
importlib-metadata = {version = ">=0.12", markers = "python_version < \"3.8\""}

[package.extras]
dev = ["pre-commit", "tox"]

[[package]]
name = "prometheus-client"
version = "0.7.1"
description = "Python client for the Prometheus monitoring system."
category = "main"
optional = false
python-versions = "*"

[package.extras]
twisted = ["twisted"]

[[package]]
name = "py"
version = "1.10.0"
description = "library with cross-python path, ini-parsing, io, code, log facilities"
category = "dev"
optional = false
python-versions = ">=2.7, !=3.0.*, !=3.1.*, !=3.2.*, !=3.3.*"

[[package]]
name = "pycodestyle"
version = "2.6.0"
description = "Python style guide checker"
category = "dev"
optional = false
python-versions = ">=2.7, !=3.0.*, !=3.1.*, !=3.2.*, !=3.3.*"

[[package]]
name = "pyflakes"
version = "2.2.0"
description = "passive checker of Python programs"
category = "dev"
optional = false
python-versions = ">=2.7, !=3.0.*, !=3.1.*, !=3.2.*, !=3.3.*"

[[package]]
name = "pyparsing"
version = "2.4.7"
description = "Python parsing module"
category = "dev"
optional = false
python-versions = ">=2.6, !=3.0.*, !=3.1.*, !=3.2.*"

[[package]]
name = "pytest"
version = "5.4.3"
description = "pytest: simple powerful testing with Python"
category = "dev"
optional = false
python-versions = ">=3.5"

[package.dependencies]
atomicwrites = {version = ">=1.0", markers = "sys_platform == \"win32\""}
attrs = ">=17.4.0"
colorama = {version = "*", markers = "sys_platform == \"win32\""}
importlib-metadata = {version = ">=0.12", markers = "python_version < \"3.8\""}
more-itertools = ">=4.0.0"
packaging = "*"
pluggy = ">=0.12,<1.0"
py = ">=1.5.0"
wcwidth = "*"

[package.extras]
checkqa-mypy = ["mypy (==v0.761)"]
testing = ["argcomplete", "hypothesis (>=3.56)", "mock", "nose", "requests", "xmlschema"]

[[package]]
name = "python-dateutil"
version = "2.8.1"
description = "Extensions to the standard Python datetime module"
category = "main"
optional = false
python-versions = "!=3.0.*,!=3.1.*,!=3.2.*,>=2.7"

[package.dependencies]
six = ">=1.5"

[[package]]
name = "pyyaml"
version = "5.3.1"
description = "YAML parser and emitter for Python"
category = "main"
optional = false
python-versions = "*"

[[package]]
name = "s3transfer"
version = "0.3.4"
description = "An Amazon S3 Transfer Manager"
category = "main"
optional = false
python-versions = "*"

[package.dependencies]
botocore = ">=1.12.36,<2.0a.0"

[[package]]
name = "six"
version = "1.15.0"
description = "Python 2 and 3 compatibility utilities"
category = "main"
optional = false
python-versions = ">=2.7, !=3.0.*, !=3.1.*, !=3.2.*"

[[package]]
name = "typing-extensions"
version = "3.7.4.3"
description = "Backported and Experimental Type Hints for Python 3.5+"
category = "dev"
optional = false
python-versions = "*"

[[package]]
name = "urllib3"
version = "1.25.11"
description = "HTTP library with thread-safe connection pooling, file post, and more."
category = "main"
optional = false
python-versions = ">=2.7, !=3.0.*, !=3.1.*, !=3.2.*, !=3.3.*, !=3.4.*, <4"

[package.extras]
brotli = ["brotlipy (>=0.6.0)"]
secure = ["pyOpenSSL (>=0.14)", "cryptography (>=1.3.4)", "idna (>=2.0.0)", "certifi", "ipaddress"]
socks = ["PySocks (>=1.5.6,!=1.5.7,<2.0)"]

[[package]]
name = "wcwidth"
version = "0.2.5"
description = "Measures the displayed width of unicode strings in a terminal"
category = "dev"
optional = false
python-versions = "*"

[[package]]
name = "zipp"
version = "3.4.0"
description = "Backport of pathlib-compatible object wrapper for zip files"
category = "dev"
optional = false
python-versions = ">=3.6"

[package.extras]
docs = ["sphinx", "jaraco.packaging (>=3.2)", "rst.linker (>=1.9)"]
testing = ["pytest (>=3.5,!=3.7.3)", "pytest-checkdocs (>=1.2.3)", "pytest-flake8", "pytest-cov", "jaraco.test (>=3.2.0)", "jaraco.itertools", "func-timeout", "pytest-black (>=0.3.7)", "pytest-mypy"]

[metadata]
lock-version = "1.1"
python-versions = "3.6"
content-hash = "5ea6ce57abe41e72bb9e483b41de68d3f4bc336aa789aed09c791cf1fa2802ef"

[metadata.files]
app-common-python = [
    {file = "app-common-python-0.1.4.tar.gz", hash = "sha256:b603102f6781162acc3d7ec075582b54f51b642c75f7e826ca05f45ac82dd594"},
]
atomicwrites = [
    {file = "atomicwrites-1.4.0-py2.py3-none-any.whl", hash = "sha256:6d1784dea7c0c8d4a5172b6c620f40b6e4cbfdf96d783691f2e1302a7b88e197"},
    {file = "atomicwrites-1.4.0.tar.gz", hash = "sha256:ae70396ad1a434f9c7046fd2dd196fc04b12f9e91ffb859164193be8b6168a7a"},
]
attrs = [
    {file = "attrs-18.2.0-py2.py3-none-any.whl", hash = "sha256:ca4be454458f9dec299268d472aaa5a11f67a4ff70093396e1ceae9c76cf4bbb"},
    {file = "attrs-18.2.0.tar.gz", hash = "sha256:10cbf6e27dbce8c30807caf056c8eb50917e0eaafe86347671b57254006c3e69"},
]
boto3 = [
    {file = "boto3-1.17.14-py2.py3-none-any.whl", hash = "sha256:95e23684bccdb0e02910fd71586ca2a1941a0f96ba1a8753e5f1e990c8fd25d9"},
    {file = "boto3-1.17.14.tar.gz", hash = "sha256:a1dc13aa5fac7bc6df0ca29e0a93e320a7a2370f9fe03cfb7284090d9180b97a"},
]
botocore = [
    {file = "botocore-1.20.14-py2.py3-none-any.whl", hash = "sha256:38f73dca0e3f2448ad91f6dbff99fc09ec1b2b9250a8b4871c90b8296f87d572"},
    {file = "botocore-1.20.14.tar.gz", hash = "sha256:2a07533de92603607c8b594ff92647f5d5a39e75f66c9476ccd30ed4d6de37ae"},
]
colorama = [
    {file = "colorama-0.4.4-py2.py3-none-any.whl", hash = "sha256:9f47eda37229f68eee03b24b9748937c7dc3868f906e8ba69fbcbdd3bc5dc3e2"},
    {file = "colorama-0.4.4.tar.gz", hash = "sha256:5941b2b48a20143d2267e95b1c2a7603ce057ee39fd88e7329b0c292aa16869b"},
]
confluent-kafka = [
    {file = "confluent-kafka-1.5.0.tar.gz", hash = "sha256:9ac812006000887f76c95b8a33a9f0b65845bf072fbc54a42a1acffd34e41120"},
    {file = "confluent_kafka-1.5.0-cp27-cp27m-macosx_10_6_intel.whl", hash = "sha256:a116382ae67e0d6a54684bab4ee9b1be54e789d031a6e5e74c3edc657c79d23c"},
    {file = "confluent_kafka-1.5.0-cp27-cp27m-manylinux1_i686.whl", hash = "sha256:9534cd2c0313df75b70eb4cf729382998970d97bbdda5cf3aef7081b855ccebe"},
    {file = "confluent_kafka-1.5.0-cp27-cp27m-manylinux1_x86_64.whl", hash = "sha256:85ff4823770ce2efaabb46d88e5ae26a840e0051fd481abaa805f21a5a84d003"},
    {file = "confluent_kafka-1.5.0-cp27-cp27m-win32.whl", hash = "sha256:5a1c47320d6afc5b2599f8f8e143aed6845a2d903facde984606e02f10f11221"},
    {file = "confluent_kafka-1.5.0-cp27-cp27m-win_amd64.whl", hash = "sha256:dabed41cc60d1fc6d3cb44a90fe02e5192c9bf0f73c7b35761981e62ecabc592"},
    {file = "confluent_kafka-1.5.0-cp27-cp27mu-manylinux1_i686.whl", hash = "sha256:3034cacc3b0d03eb3ce39cc5a64c1070d223870246f5d90c9113996be9db7df8"},
    {file = "confluent_kafka-1.5.0-cp27-cp27mu-manylinux1_x86_64.whl", hash = "sha256:7b03bd9cc7b5e4df0a27eed359762c61a35313d4981ef1d9b418069eee454e66"},
    {file = "confluent_kafka-1.5.0-cp35-cp35m-macosx_10_6_intel.whl", hash = "sha256:3e2d4f55ca952aeada3831d6615dc13a8a42c8e97175855ca08bbc6e6091b080"},
    {file = "confluent_kafka-1.5.0-cp35-cp35m-manylinux1_i686.whl", hash = "sha256:c7461d6db081c23a6d38ceba348e7c178d7e974cf22c45ba8a4918ecb8855a44"},
    {file = "confluent_kafka-1.5.0-cp35-cp35m-manylinux1_x86_64.whl", hash = "sha256:175c7064c8f19975616974558c45f42c147a202d4b1c0b0a83afefb920367696"},
    {file = "confluent_kafka-1.5.0-cp35-cp35m-win32.whl", hash = "sha256:eba169a9de8c978c9f33c763857c5279eceac46a4fd55a381c2528b9d4b3359e"},
    {file = "confluent_kafka-1.5.0-cp35-cp35m-win_amd64.whl", hash = "sha256:bbd9633552840ab9367fb762ea21272759db8caec2c34ff16ee28be177644cdf"},
    {file = "confluent_kafka-1.5.0-cp36-cp36m-macosx_10_6_intel.whl", hash = "sha256:bb77276d569f511abe4a5b32a53f8a30285bc7be68219e5711a44720bf356ac2"},
    {file = "confluent_kafka-1.5.0-cp36-cp36m-manylinux1_i686.whl", hash = "sha256:9a1c77291c1ac4b991aa0358f2f44636686eb8f52fb628502d30c312160a14e9"},
    {file = "confluent_kafka-1.5.0-cp36-cp36m-manylinux1_x86_64.whl", hash = "sha256:13b0e2011560f461ff39daf38089dd7f91404b3e66dba0456ccce0700f93c4f2"},
    {file = "confluent_kafka-1.5.0-cp36-cp36m-win32.whl", hash = "sha256:22d7201d1aa89f1c5546749e781492925ed3eb0d7bd8f781fc57294cd45ddde3"},
    {file = "confluent_kafka-1.5.0-cp36-cp36m-win_amd64.whl", hash = "sha256:d6a5d4c72360a75e875e88f7cce42b66a786d037ca2002303ab1c580d49caf53"},
    {file = "confluent_kafka-1.5.0-cp37-cp37m-macosx_10_6_intel.whl", hash = "sha256:0a59afbb90bdd22b9acdd3bb134f5ee1dff3cc5df55eaf52bf97b2f8d0d00de3"},
    {file = "confluent_kafka-1.5.0-cp37-cp37m-manylinux1_i686.whl", hash = "sha256:f2d1ee0bfdf618017bbfaa42406546155c1a86263e4f286295318578c723803b"},
    {file = "confluent_kafka-1.5.0-cp37-cp37m-manylinux1_x86_64.whl", hash = "sha256:dd544847c713eeeb525031348ff6ffea4ecdd11c13590893e599a9d4676a9bd4"},
    {file = "confluent_kafka-1.5.0-cp37-cp37m-win32.whl", hash = "sha256:00acc73f7d49961bf427f5e4fd6c0a220a6bfa5ccc91e0ad1f9ffa1751a169b0"},
    {file = "confluent_kafka-1.5.0-cp37-cp37m-win_amd64.whl", hash = "sha256:b1c89f3653385acc5da71570e03281f35ac6960367f2b2a426ae431deb1a1a35"},
    {file = "confluent_kafka-1.5.0-cp38-cp38-macosx_10_9_x86_64.whl", hash = "sha256:99b13d0957a5967c85aee6138ef5f9acec90294267a549c5683744f20cf5d7b4"},
    {file = "confluent_kafka-1.5.0-cp38-cp38-manylinux1_i686.whl", hash = "sha256:bfdfa81e4e72d2c24e408a5e199aae0a477499ae40647dfa6906d002d9b07f38"},
    {file = "confluent_kafka-1.5.0-cp38-cp38-manylinux1_x86_64.whl", hash = "sha256:9c47b8aacfe347bffd86bf75b98626718912b63df87f256dff1abc06a0355410"},
]
flake8 = [
    {file = "flake8-3.8.4-py2.py3-none-any.whl", hash = "sha256:749dbbd6bfd0cf1318af27bf97a14e28e5ff548ef8e5b1566ccfb25a11e7c839"},
    {file = "flake8-3.8.4.tar.gz", hash = "sha256:aadae8761ec651813c24be05c6f7b4680857ef6afaae4651a4eccaef97ce6c3b"},
]
importlib-metadata = [
    {file = "importlib_metadata-3.4.0-py3-none-any.whl", hash = "sha256:ace61d5fc652dc280e7b6b4ff732a9c2d40db2c0f92bc6cb74e07b73d53a1771"},
    {file = "importlib_metadata-3.4.0.tar.gz", hash = "sha256:fa5daa4477a7414ae34e95942e4dd07f62adf589143c875c133c1e53c4eff38d"},
]
jmespath = [
    {file = "jmespath-0.10.0-py2.py3-none-any.whl", hash = "sha256:cdf6525904cc597730141d61b36f2e4b8ecc257c420fa2f4549bac2c2d0cb72f"},
    {file = "jmespath-0.10.0.tar.gz", hash = "sha256:b85d0567b8666149a93172712e68920734333c0ce7e89b78b3e987f71e5ed4f9"},
]
mccabe = [
    {file = "mccabe-0.6.1-py2.py3-none-any.whl", hash = "sha256:ab8a6258860da4b6677da4bd2fe5dc2c659cff31b3ee4f7f5d64e79735b80d42"},
    {file = "mccabe-0.6.1.tar.gz", hash = "sha256:dd8d182285a0fe56bace7f45b5e7d1a6ebcbf524e8f3bd87eb0f125271b8831f"},
]
more-itertools = [
    {file = "more-itertools-8.6.0.tar.gz", hash = "sha256:b3a9005928e5bed54076e6e549c792b306fddfe72b2d1d22dd63d42d5d3899cf"},
    {file = "more_itertools-8.6.0-py3-none-any.whl", hash = "sha256:8e1a2a43b2f2727425f2b5839587ae37093f19153dc26c0927d1048ff6557330"},
]
packaging = [
    {file = "packaging-20.8-py2.py3-none-any.whl", hash = "sha256:24e0da08660a87484d1602c30bb4902d74816b6985b93de36926f5bc95741858"},
    {file = "packaging-20.8.tar.gz", hash = "sha256:78598185a7008a470d64526a8059de9aaa449238f280fc9eb6b13ba6c4109093"},
]
pluggy = [
    {file = "pluggy-0.13.1-py2.py3-none-any.whl", hash = "sha256:966c145cd83c96502c3c3868f50408687b38434af77734af1e9ca461a4081d2d"},
    {file = "pluggy-0.13.1.tar.gz", hash = "sha256:15b2acde666561e1298d71b523007ed7364de07029219b604cf808bfa1c765b0"},
]
prometheus-client = [
    {file = "prometheus_client-0.7.1.tar.gz", hash = "sha256:71cd24a2b3eb335cb800c7159f423df1bd4dcd5171b234be15e3f31ec9f622da"},
]
py = [
    {file = "py-1.10.0-py2.py3-none-any.whl", hash = "sha256:3b80836aa6d1feeaa108e046da6423ab8f6ceda6468545ae8d02d9d58d18818a"},
    {file = "py-1.10.0.tar.gz", hash = "sha256:21b81bda15b66ef5e1a777a21c4dcd9c20ad3efd0b3f817e7a809035269e1bd3"},
]
pycodestyle = [
    {file = "pycodestyle-2.6.0-py2.py3-none-any.whl", hash = "sha256:2295e7b2f6b5bd100585ebcb1f616591b652db8a741695b3d8f5d28bdc934367"},
    {file = "pycodestyle-2.6.0.tar.gz", hash = "sha256:c58a7d2815e0e8d7972bf1803331fb0152f867bd89adf8a01dfd55085434192e"},
]
pyflakes = [
    {file = "pyflakes-2.2.0-py2.py3-none-any.whl", hash = "sha256:0d94e0e05a19e57a99444b6ddcf9a6eb2e5c68d3ca1e98e90707af8152c90a92"},
    {file = "pyflakes-2.2.0.tar.gz", hash = "sha256:35b2d75ee967ea93b55750aa9edbbf72813e06a66ba54438df2cfac9e3c27fc8"},
]
pyparsing = [
    {file = "pyparsing-2.4.7-py2.py3-none-any.whl", hash = "sha256:ef9d7589ef3c200abe66653d3f1ab1033c3c419ae9b9bdb1240a85b024efc88b"},
    {file = "pyparsing-2.4.7.tar.gz", hash = "sha256:c203ec8783bf771a155b207279b9bccb8dea02d8f0c9e5f8ead507bc3246ecc1"},
]
pytest = [
    {file = "pytest-5.4.3-py3-none-any.whl", hash = "sha256:5c0db86b698e8f170ba4582a492248919255fcd4c79b1ee64ace34301fb589a1"},
    {file = "pytest-5.4.3.tar.gz", hash = "sha256:7979331bfcba207414f5e1263b5a0f8f521d0f457318836a7355531ed1a4c7d8"},
]
python-dateutil = [
    {file = "python-dateutil-2.8.1.tar.gz", hash = "sha256:73ebfe9dbf22e832286dafa60473e4cd239f8592f699aa5adaf10050e6e1823c"},
    {file = "python_dateutil-2.8.1-py2.py3-none-any.whl", hash = "sha256:75bb3f31ea686f1197762692a9ee6a7550b59fc6ca3a1f4b5d7e32fb98e2da2a"},
]
pyyaml = [
    {file = "PyYAML-5.3.1-cp27-cp27m-win32.whl", hash = "sha256:74809a57b329d6cc0fdccee6318f44b9b8649961fa73144a98735b0aaf029f1f"},
    {file = "PyYAML-5.3.1-cp27-cp27m-win_amd64.whl", hash = "sha256:240097ff019d7c70a4922b6869d8a86407758333f02203e0fc6ff79c5dcede76"},
    {file = "PyYAML-5.3.1-cp35-cp35m-win32.whl", hash = "sha256:4f4b913ca1a7319b33cfb1369e91e50354d6f07a135f3b901aca02aa95940bd2"},
    {file = "PyYAML-5.3.1-cp35-cp35m-win_amd64.whl", hash = "sha256:cc8955cfbfc7a115fa81d85284ee61147059a753344bc51098f3ccd69b0d7e0c"},
    {file = "PyYAML-5.3.1-cp36-cp36m-win32.whl", hash = "sha256:7739fc0fa8205b3ee8808aea45e968bc90082c10aef6ea95e855e10abf4a37b2"},
    {file = "PyYAML-5.3.1-cp36-cp36m-win_amd64.whl", hash = "sha256:69f00dca373f240f842b2931fb2c7e14ddbacd1397d57157a9b005a6a9942648"},
    {file = "PyYAML-5.3.1-cp37-cp37m-win32.whl", hash = "sha256:d13155f591e6fcc1ec3b30685d50bf0711574e2c0dfffd7644babf8b5102ca1a"},
    {file = "PyYAML-5.3.1-cp37-cp37m-win_amd64.whl", hash = "sha256:73f099454b799e05e5ab51423c7bcf361c58d3206fa7b0d555426b1f4d9a3eaf"},
    {file = "PyYAML-5.3.1-cp38-cp38-win32.whl", hash = "sha256:06a0d7ba600ce0b2d2fe2e78453a470b5a6e000a985dd4a4e54e436cc36b0e97"},
    {file = "PyYAML-5.3.1-cp38-cp38-win_amd64.whl", hash = "sha256:95f71d2af0ff4227885f7a6605c37fd53d3a106fcab511b8860ecca9fcf400ee"},
    {file = "PyYAML-5.3.1.tar.gz", hash = "sha256:b8eac752c5e14d3eca0e6dd9199cd627518cb5ec06add0de9d32baeee6fe645d"},
]
s3transfer = [
    {file = "s3transfer-0.3.4-py2.py3-none-any.whl", hash = "sha256:1e28620e5b444652ed752cf87c7e0cb15b0e578972568c6609f0f18212f259ed"},
    {file = "s3transfer-0.3.4.tar.gz", hash = "sha256:7fdddb4f22275cf1d32129e21f056337fd2a80b6ccef1664528145b72c49e6d2"},
]
six = [
    {file = "six-1.15.0-py2.py3-none-any.whl", hash = "sha256:8b74bedcbbbaca38ff6d7491d76f2b06b3592611af620f8426e82dddb04a5ced"},
    {file = "six-1.15.0.tar.gz", hash = "sha256:30639c035cdb23534cd4aa2dd52c3bf48f06e5f4a941509c8bafd8ce11080259"},
]
typing-extensions = [
    {file = "typing_extensions-3.7.4.3-py2-none-any.whl", hash = "sha256:dafc7639cde7f1b6e1acc0f457842a83e722ccca8eef5270af2d74792619a89f"},
    {file = "typing_extensions-3.7.4.3-py3-none-any.whl", hash = "sha256:7cb407020f00f7bfc3cb3e7881628838e69d8f3fcab2f64742a5e76b2f841918"},
    {file = "typing_extensions-3.7.4.3.tar.gz", hash = "sha256:99d4073b617d30288f569d3f13d2bd7548c3a7e4c8de87db09a9d29bb3a4a60c"},
]
urllib3 = [
    {file = "urllib3-1.25.11-py2.py3-none-any.whl", hash = "sha256:f5321fbe4bf3fefa0efd0bfe7fb14e90909eb62a48ccda331726b4319897dd5e"},
    {file = "urllib3-1.25.11.tar.gz", hash = "sha256:8d7eaa5a82a1cac232164990f04874c594c9453ec55eef02eab885aa02fc17a2"},
]
wcwidth = [
    {file = "wcwidth-0.2.5-py2.py3-none-any.whl", hash = "sha256:beb4802a9cebb9144e99086eff703a642a13d6a0052920003a230f3294bbe784"},
    {file = "wcwidth-0.2.5.tar.gz", hash = "sha256:c4d647b99872929fdb7bdcaa4fbe7f01413ed3d98077df798530e5b04f116c83"},
]
zipp = [
    {file = "zipp-3.4.0-py3-none-any.whl", hash = "sha256:102c24ef8f171fd729d46599845e95c7ab894a4cf45f5de11a44cc7444fb1108"},
    {file = "zipp-3.4.0.tar.gz", hash = "sha256:ed5eee1974372595f9e416cc7bbeeb12335201d8081ca8a0743c954d4446e5cb"},
]
